
Microsoft Visual Studio Solution File, Format Version 12.00
# Visual Studio Version 17
VisualStudioVersion = 17.8.34330.188
MinimumVisualStudioVersion = 10.0.40219.1
Project("{FAE04EC0-301F-11D3-BF4B-00C04F79EFBC}") = "Overflow", "Overflow.csproj", "{2420DDE2-1C17-445D-B88C-217E7A87FA10}"
EndProject
Global
	GlobalSection(SolutionConfigurationPlatforms) = preSolution
		Debug|Any CPU = Debug|Any CPU
		Release|Any CPU = Release|Any CPU
	EndGlobalSection
	GlobalSection(ProjectConfigurationPlatforms) = postSolution
		{2420DDE2-1C17-445D-B88C-217E7A87FA10}.Debug|Any CPU.ActiveCfg = Debug|Any CPU
		{2420DDE2-1C17-445D-B88C-217E7A87FA10}.Debug|Any CPU.Build.0 = Debug|Any CPU
		{2420DDE2-1C17-445D-B88C-217E7A87FA10}.Release|Any CPU.ActiveCfg = Release|Any CPU
		{2420DDE2-1C17-445D-B88C-217E7A87FA10}.Release|Any CPU.Build.0 = Release|Any CPU
	EndGlobalSection
	GlobalSection(SolutionProperties) = preSolution
		HideSolutionNode = FALSE
	EndGlobalSection
	GlobalSection(ExtensibilityGlobals) = postSolution
		SolutionGuid = {2ECE4D55-05AA-49B9-B31C-4DC5ECDD3E9F}
	EndGlobalSection
EndGlobal
