
Microsoft Visual Studio Solution File, Format Version 12.00
# Visual Studio Version 17
VisualStudioVersion = 17.8.34330.188
MinimumVisualStudioVersion = 10.0.40219.1
Project("{FAE04EC0-301F-11D3-BF4B-00C04F79EFBC}") = "Exam8_4", "Exam8_4.csproj", "{88D98048-42F4-4EF9-BD10-BDA9AE55C0C5}"
EndProject
Global
	GlobalSection(SolutionConfigurationPlatforms) = preSolution
		Debug|Any CPU = Debug|Any CPU
		Release|Any CPU = Release|Any CPU
	EndGlobalSection
	GlobalSection(ProjectConfigurationPlatforms) = postSolution
		{88D98048-42F4-4EF9-BD10-BDA9AE55C0C5}.Debug|Any CPU.ActiveCfg = Debug|Any CPU
		{88D98048-42F4-4EF9-BD10-BDA9AE55C0C5}.Debug|Any CPU.Build.0 = Debug|Any CPU
		{88D98048-42F4-4EF9-BD10-BDA9AE55C0C5}.Release|Any CPU.ActiveCfg = Release|Any CPU
		{88D98048-42F4-4EF9-BD10-BDA9AE55C0C5}.Release|Any CPU.Build.0 = Release|Any CPU
	EndGlobalSection
	GlobalSection(SolutionProperties) = preSolution
		HideSolutionNode = FALSE
	EndGlobalSection
	GlobalSection(ExtensibilityGlobals) = postSolution
		SolutionGuid = {9CDD1076-C138-4FB2-BD64-3E692082746D}
	EndGlobalSection
EndGlobal
