
Microsoft Visual Studio Solution File, Format Version 12.00
# Visual Studio Version 17
VisualStudioVersion = 17.8.34330.188
MinimumVisualStudioVersion = 10.0.40219.1
Project("{FAE04EC0-301F-11D3-BF4B-00C04F79EFBC}") = "IntegerTypes", "IntegerTypes.csproj", "{A745C954-9684-48F4-B8FF-22B2CA453201}"
EndProject
Global
	GlobalSection(SolutionConfigurationPlatforms) = preSolution
		Debug|Any CPU = Debug|Any CPU
		Release|Any CPU = Release|Any CPU
	EndGlobalSection
	GlobalSection(ProjectConfigurationPlatforms) = postSolution
		{A745C954-9684-48F4-B8FF-22B2CA453201}.Debug|Any CPU.ActiveCfg = Debug|Any CPU
		{A745C954-9684-48F4-B8FF-22B2CA453201}.Debug|Any CPU.Build.0 = Debug|Any CPU
		{A745C954-9684-48F4-B8FF-22B2CA453201}.Release|Any CPU.ActiveCfg = Release|Any CPU
		{A745C954-9684-48F4-B8FF-22B2CA453201}.Release|Any CPU.Build.0 = Release|Any CPU
	EndGlobalSection
	GlobalSection(SolutionProperties) = preSolution
		HideSolutionNode = FALSE
	EndGlobalSection
	GlobalSection(ExtensibilityGlobals) = postSolution
		SolutionGuid = {3546F131-AF6A-4C40-9848-1E07F36B1602}
	EndGlobalSection
EndGlobal
